// !$*UTF8*$!
{
	archiveVersion = 1;
	classes = {
	};
	objectVersion = 50;
	objects = {

/* Begin PBXBuildFile section */
		04078ACF21DE3686006DCC1A /* HeroComicsCollectionViewCell.swift in Sources */ = {isa = PBXBuildFile; fileRef = 04078ACD21DE3686006DCC1A /* HeroComicsCollectionViewCell.swift */; };
		04078AD021DE3686006DCC1A /* HeroComicsCollectionViewCell.xib in Resources */ = {isa = PBXBuildFile; fileRef = 04078ACE21DE3686006DCC1A /* HeroComicsCollectionViewCell.xib */; };
		0467265921CCFF2400C0EA52 /* NetworkManager.swift in Sources */ = {isa = PBXBuildFile; fileRef = 0467265821CCFF2400C0EA52 /* NetworkManager.swift */; };
		0467265B21CD001100C0EA52 /* NetworkManagerProtocol.swift in Sources */ = {isa = PBXBuildFile; fileRef = 0467265A21CD001100C0EA52 /* NetworkManagerProtocol.swift */; };
		0467265D21CD026700C0EA52 /* Endpoints.swift in Sources */ = {isa = PBXBuildFile; fileRef = 0467265C21CD026700C0EA52 /* Endpoints.swift */; };
		0467266221CD0C2000C0EA52 /* HeroesListViewController.swift in Sources */ = {isa = PBXBuildFile; fileRef = 0467266121CD0C2000C0EA52 /* HeroesListViewController.swift */; };
		0467266521CD0C6800C0EA52 /* HeroesListProtocols.swift in Sources */ = {isa = PBXBuildFile; fileRef = 0467266421CD0C6800C0EA52 /* HeroesListProtocols.swift */; };
		0467266821CD0E7B00C0EA52 /* HeroesListPresenter.swift in Sources */ = {isa = PBXBuildFile; fileRef = 0467266721CD0E7B00C0EA52 /* HeroesListPresenter.swift */; };
		0467266B21CD0EF200C0EA52 /* HeroesListInteractor.swift in Sources */ = {isa = PBXBuildFile; fileRef = 0467266A21CD0EF200C0EA52 /* HeroesListInteractor.swift */; };
		0467266E21CD121100C0EA52 /* HeroesListRouter.swift in Sources */ = {isa = PBXBuildFile; fileRef = 0467266D21CD121100C0EA52 /* HeroesListRouter.swift */; };
		048C8BF221CC2774000DDA00 /* AppDelegate.swift in Sources */ = {isa = PBXBuildFile; fileRef = 048C8BF121CC2774000DDA00 /* AppDelegate.swift */; };
		048C8BF721CC2774000DDA00 /* Main.storyboard in Resources */ = {isa = PBXBuildFile; fileRef = 048C8BF521CC2774000DDA00 /* Main.storyboard */; };
		048C8BFA21CC2774000DDA00 /* MarvelHeroes.xcdatamodeld in Sources */ = {isa = PBXBuildFile; fileRef = 048C8BF821CC2774000DDA00 /* MarvelHeroes.xcdatamodeld */; };
		048C8BFC21CC2776000DDA00 /* Assets.xcassets in Resources */ = {isa = PBXBuildFile; fileRef = 048C8BFB21CC2776000DDA00 /* Assets.xcassets */; };
		048C8BFF21CC2776000DDA00 /* LaunchScreen.storyboard in Resources */ = {isa = PBXBuildFile; fileRef = 048C8BFD21CC2776000DDA00 /* LaunchScreen.storyboard */; };
		048C8C0A21CC2776000DDA00 /* MarvelHeroesTests.swift in Sources */ = {isa = PBXBuildFile; fileRef = 048C8C0921CC2776000DDA00 /* MarvelHeroesTests.swift */; };
		048C8C1521CC2776000DDA00 /* MarvelHeroesUITests.swift in Sources */ = {isa = PBXBuildFile; fileRef = 048C8C1421CC2776000DDA00 /* MarvelHeroesUITests.swift */; };
		04B5249A21D3A85300EBA559 /* HeroesListCollectionViewCell.swift in Sources */ = {isa = PBXBuildFile; fileRef = 04B5249821D3A85300EBA559 /* HeroesListCollectionViewCell.swift */; };
		04B5249B21D3A85300EBA559 /* HeroesListCollectionViewCell.xib in Resources */ = {isa = PBXBuildFile; fileRef = 04B5249921D3A85300EBA559 /* HeroesListCollectionViewCell.xib */; };
		04B5249D21D3AD4800EBA559 /* HeroesListCollectionView.swift in Sources */ = {isa = PBXBuildFile; fileRef = 04B5249C21D3AD4800EBA559 /* HeroesListCollectionView.swift */; };
		04B7A2E821DD152300AC8B14 /* Comic.swift in Sources */ = {isa = PBXBuildFile; fileRef = 04B7A2E721DD152300AC8B14 /* Comic.swift */; };
		04B7A2EB21DD190200AC8B14 /* HeroComicsResponseModel.swift in Sources */ = {isa = PBXBuildFile; fileRef = 04B7A2EA21DD190200AC8B14 /* HeroComicsResponseModel.swift */; };
		04B7A2EE21DD1A5700AC8B14 /* HeroDetailInteractor.swift in Sources */ = {isa = PBXBuildFile; fileRef = 04B7A2ED21DD1A5700AC8B14 /* HeroDetailInteractor.swift */; };
		04D1A72B21D14700005A06C3 /* Hero.swift in Sources */ = {isa = PBXBuildFile; fileRef = 04D1A72A21D14700005A06C3 /* Hero.swift */; };
		04D1A72E21D14F8C005A06C3 /* HeroesListResponseModel.swift in Sources */ = {isa = PBXBuildFile; fileRef = 04D1A72D21D14F8C005A06C3 /* HeroesListResponseModel.swift */; };
		04D5320B21D6324900D35E0A /* UIView+Extensions.swift in Sources */ = {isa = PBXBuildFile; fileRef = 04D5320A21D6324900D35E0A /* UIView+Extensions.swift */; };
		04D5320D21D638A900D35E0A /* Colors.swift in Sources */ = {isa = PBXBuildFile; fileRef = 04D5320C21D638A900D35E0A /* Colors.swift */; };
		04D5321321D6422A00D35E0A /* HeroDetailViewController.swift in Sources */ = {isa = PBXBuildFile; fileRef = 04D5321221D6422A00D35E0A /* HeroDetailViewController.swift */; };
		04D5321621D6427C00D35E0A /* HeroDetailProtocols.swift in Sources */ = {isa = PBXBuildFile; fileRef = 04D5321521D6427C00D35E0A /* HeroDetailProtocols.swift */; };
		04D5321921D6432C00D35E0A /* HeroDetailRouter.swift in Sources */ = {isa = PBXBuildFile; fileRef = 04D5321821D6432C00D35E0A /* HeroDetailRouter.swift */; };
		04D5321C21D644C200D35E0A /* HeroDetailPresenter.swift in Sources */ = {isa = PBXBuildFile; fileRef = 04D5321B21D644C200D35E0A /* HeroDetailPresenter.swift */; };
		50B519AE699816F83E140DFA /* Pods_MarvelHeroes.framework in Frameworks */ = {isa = PBXBuildFile; fileRef = E513B5BE81D35367C7CA4FA2 /* Pods_MarvelHeroes.framework */; };
		A5CF58EB7D29391E5D54FEC7 /* Pods_MarvelHeroesTests.framework in Frameworks */ = {isa = PBXBuildFile; fileRef = 2DF0D54ACC36D39607A44C39 /* Pods_MarvelHeroesTests.framework */; };
		FF24D4500807D18575C38D60 /* Pods_MarvelHeroesUITests.framework in Frameworks */ = {isa = PBXBuildFile; fileRef = 1B564E3D25052328FE301E86 /* Pods_MarvelHeroesUITests.framework */; };
/* End PBXBuildFile section */

/* Begin PBXContainerItemProxy section */
		048C8C0621CC2776000DDA00 /* PBXContainerItemProxy */ = {
			isa = PBXContainerItemProxy;
			containerPortal = 048C8BE621CC2774000DDA00 /* Project object */;
			proxyType = 1;
			remoteGlobalIDString = 048C8BED21CC2774000DDA00;
			remoteInfo = MarvelHeroes;
		};
		048C8C1121CC2776000DDA00 /* PBXContainerItemProxy */ = {
			isa = PBXContainerItemProxy;
			containerPortal = 048C8BE621CC2774000DDA00 /* Project object */;
			proxyType = 1;
			remoteGlobalIDString = 048C8BED21CC2774000DDA00;
			remoteInfo = MarvelHeroes;
		};
/* End PBXContainerItemProxy section */

/* Begin PBXFileReference section */
		04078ACD21DE3686006DCC1A /* HeroComicsCollectionViewCell.swift */ = {isa = PBXFileReference; lastKnownFileType = sourcecode.swift; path = HeroComicsCollectionViewCell.swift; sourceTree = "<group>"; };
		04078ACE21DE3686006DCC1A /* HeroComicsCollectionViewCell.xib */ = {isa = PBXFileReference; lastKnownFileType = file.xib; path = HeroComicsCollectionViewCell.xib; sourceTree = "<group>"; };
		0467265821CCFF2400C0EA52 /* NetworkManager.swift */ = {isa = PBXFileReference; lastKnownFileType = sourcecode.swift; path = NetworkManager.swift; sourceTree = "<group>"; };
		0467265A21CD001100C0EA52 /* NetworkManagerProtocol.swift */ = {isa = PBXFileReference; lastKnownFileType = sourcecode.swift; path = NetworkManagerProtocol.swift; sourceTree = "<group>"; };
		0467265C21CD026700C0EA52 /* Endpoints.swift */ = {isa = PBXFileReference; lastKnownFileType = sourcecode.swift; path = Endpoints.swift; sourceTree = "<group>"; };
		0467266121CD0C2000C0EA52 /* HeroesListViewController.swift */ = {isa = PBXFileReference; lastKnownFileType = sourcecode.swift; path = HeroesListViewController.swift; sourceTree = "<group>"; };
		0467266421CD0C6800C0EA52 /* HeroesListProtocols.swift */ = {isa = PBXFileReference; lastKnownFileType = sourcecode.swift; path = HeroesListProtocols.swift; sourceTree = "<group>"; };
		0467266721CD0E7B00C0EA52 /* HeroesListPresenter.swift */ = {isa = PBXFileReference; lastKnownFileType = sourcecode.swift; path = HeroesListPresenter.swift; sourceTree = "<group>"; };
		0467266A21CD0EF200C0EA52 /* HeroesListInteractor.swift */ = {isa = PBXFileReference; lastKnownFileType = sourcecode.swift; path = HeroesListInteractor.swift; sourceTree = "<group>"; };
		0467266D21CD121100C0EA52 /* HeroesListRouter.swift */ = {isa = PBXFileReference; lastKnownFileType = sourcecode.swift; path = HeroesListRouter.swift; sourceTree = "<group>"; };
		048C8BEE21CC2774000DDA00 /* MarvelHeroes.app */ = {isa = PBXFileReference; explicitFileType = wrapper.application; includeInIndex = 0; path = MarvelHeroes.app; sourceTree = BUILT_PRODUCTS_DIR; };
		048C8BF121CC2774000DDA00 /* AppDelegate.swift */ = {isa = PBXFileReference; lastKnownFileType = sourcecode.swift; path = AppDelegate.swift; sourceTree = "<group>"; };
		048C8BF621CC2774000DDA00 /* Base */ = {isa = PBXFileReference; lastKnownFileType = file.storyboard; name = Base; path = Base.lproj/Main.storyboard; sourceTree = "<group>"; };
		048C8BF921CC2774000DDA00 /* MarvelHeroes.xcdatamodel */ = {isa = PBXFileReference; lastKnownFileType = wrapper.xcdatamodel; path = MarvelHeroes.xcdatamodel; sourceTree = "<group>"; };
		048C8BFB21CC2776000DDA00 /* Assets.xcassets */ = {isa = PBXFileReference; lastKnownFileType = folder.assetcatalog; path = Assets.xcassets; sourceTree = "<group>"; };
		048C8BFE21CC2776000DDA00 /* Base */ = {isa = PBXFileReference; lastKnownFileType = file.storyboard; name = Base; path = Base.lproj/LaunchScreen.storyboard; sourceTree = "<group>"; };
		048C8C0021CC2776000DDA00 /* Info.plist */ = {isa = PBXFileReference; lastKnownFileType = text.plist.xml; path = Info.plist; sourceTree = "<group>"; };
		048C8C0521CC2776000DDA00 /* MarvelHeroesTests.xctest */ = {isa = PBXFileReference; explicitFileType = wrapper.cfbundle; includeInIndex = 0; path = MarvelHeroesTests.xctest; sourceTree = BUILT_PRODUCTS_DIR; };
		048C8C0921CC2776000DDA00 /* MarvelHeroesTests.swift */ = {isa = PBXFileReference; lastKnownFileType = sourcecode.swift; path = MarvelHeroesTests.swift; sourceTree = "<group>"; };
		048C8C0B21CC2776000DDA00 /* Info.plist */ = {isa = PBXFileReference; lastKnownFileType = text.plist.xml; path = Info.plist; sourceTree = "<group>"; };
		048C8C1021CC2776000DDA00 /* MarvelHeroesUITests.xctest */ = {isa = PBXFileReference; explicitFileType = wrapper.cfbundle; includeInIndex = 0; path = MarvelHeroesUITests.xctest; sourceTree = BUILT_PRODUCTS_DIR; };
		048C8C1421CC2776000DDA00 /* MarvelHeroesUITests.swift */ = {isa = PBXFileReference; lastKnownFileType = sourcecode.swift; path = MarvelHeroesUITests.swift; sourceTree = "<group>"; };
		048C8C1621CC2776000DDA00 /* Info.plist */ = {isa = PBXFileReference; lastKnownFileType = text.plist.xml; path = Info.plist; sourceTree = "<group>"; };
		04B5249821D3A85300EBA559 /* HeroesListCollectionViewCell.swift */ = {isa = PBXFileReference; lastKnownFileType = sourcecode.swift; path = HeroesListCollectionViewCell.swift; sourceTree = "<group>"; };
		04B5249921D3A85300EBA559 /* HeroesListCollectionViewCell.xib */ = {isa = PBXFileReference; lastKnownFileType = file.xib; path = HeroesListCollectionViewCell.xib; sourceTree = "<group>"; };
		04B5249C21D3AD4800EBA559 /* HeroesListCollectionView.swift */ = {isa = PBXFileReference; lastKnownFileType = sourcecode.swift; path = HeroesListCollectionView.swift; sourceTree = "<group>"; };
		04B7A2E721DD152300AC8B14 /* Comic.swift */ = {isa = PBXFileReference; lastKnownFileType = sourcecode.swift; path = Comic.swift; sourceTree = "<group>"; };
		04B7A2EA21DD190200AC8B14 /* HeroComicsResponseModel.swift */ = {isa = PBXFileReference; lastKnownFileType = sourcecode.swift; path = HeroComicsResponseModel.swift; sourceTree = "<group>"; };
		04B7A2ED21DD1A5700AC8B14 /* HeroDetailInteractor.swift */ = {isa = PBXFileReference; lastKnownFileType = sourcecode.swift; path = HeroDetailInteractor.swift; sourceTree = "<group>"; };
		04D1A72A21D14700005A06C3 /* Hero.swift */ = {isa = PBXFileReference; lastKnownFileType = sourcecode.swift; path = Hero.swift; sourceTree = "<group>"; };
		04D1A72D21D14F8C005A06C3 /* HeroesListResponseModel.swift */ = {isa = PBXFileReference; lastKnownFileType = sourcecode.swift; path = HeroesListResponseModel.swift; sourceTree = "<group>"; };
		04D5320A21D6324900D35E0A /* UIView+Extensions.swift */ = {isa = PBXFileReference; lastKnownFileType = sourcecode.swift; path = "UIView+Extensions.swift"; sourceTree = "<group>"; };
		04D5320C21D638A900D35E0A /* Colors.swift */ = {isa = PBXFileReference; lastKnownFileType = sourcecode.swift; path = Colors.swift; sourceTree = "<group>"; };
		04D5321221D6422A00D35E0A /* HeroDetailViewController.swift */ = {isa = PBXFileReference; lastKnownFileType = sourcecode.swift; path = HeroDetailViewController.swift; sourceTree = "<group>"; };
		04D5321521D6427C00D35E0A /* HeroDetailProtocols.swift */ = {isa = PBXFileReference; lastKnownFileType = sourcecode.swift; path = HeroDetailProtocols.swift; sourceTree = "<group>"; };
		04D5321821D6432C00D35E0A /* HeroDetailRouter.swift */ = {isa = PBXFileReference; lastKnownFileType = sourcecode.swift; path = HeroDetailRouter.swift; sourceTree = "<group>"; };
		04D5321B21D644C200D35E0A /* HeroDetailPresenter.swift */ = {isa = PBXFileReference; lastKnownFileType = sourcecode.swift; path = HeroDetailPresenter.swift; sourceTree = "<group>"; };
		0E820AABD251436F5513BD0E /* Pods-MarvelHeroes.debug.xcconfig */ = {isa = PBXFileReference; includeInIndex = 1; lastKnownFileType = text.xcconfig; name = "Pods-MarvelHeroes.debug.xcconfig"; path = "Pods/Target Support Files/Pods-MarvelHeroes/Pods-MarvelHeroes.debug.xcconfig"; sourceTree = "<group>"; };
		1658EF49EAE4F6B896A9DB22 /* Pods-MarvelHeroes.release.xcconfig */ = {isa = PBXFileReference; includeInIndex = 1; lastKnownFileType = text.xcconfig; name = "Pods-MarvelHeroes.release.xcconfig"; path = "Pods/Target Support Files/Pods-MarvelHeroes/Pods-MarvelHeroes.release.xcconfig"; sourceTree = "<group>"; };
		1B564E3D25052328FE301E86 /* Pods_MarvelHeroesUITests.framework */ = {isa = PBXFileReference; explicitFileType = wrapper.framework; includeInIndex = 0; path = Pods_MarvelHeroesUITests.framework; sourceTree = BUILT_PRODUCTS_DIR; };
		2DF0D54ACC36D39607A44C39 /* Pods_MarvelHeroesTests.framework */ = {isa = PBXFileReference; explicitFileType = wrapper.framework; includeInIndex = 0; path = Pods_MarvelHeroesTests.framework; sourceTree = BUILT_PRODUCTS_DIR; };
		65FDEA6FAA41A3ECC6BCC762 /* Pods-MarvelHeroesUITests.debug.xcconfig */ = {isa = PBXFileReference; includeInIndex = 1; lastKnownFileType = text.xcconfig; name = "Pods-MarvelHeroesUITests.debug.xcconfig"; path = "Pods/Target Support Files/Pods-MarvelHeroesUITests/Pods-MarvelHeroesUITests.debug.xcconfig"; sourceTree = "<group>"; };
		860B44073AAAF96432622980 /* Pods-MarvelHeroesUITests.release.xcconfig */ = {isa = PBXFileReference; includeInIndex = 1; lastKnownFileType = text.xcconfig; name = "Pods-MarvelHeroesUITests.release.xcconfig"; path = "Pods/Target Support Files/Pods-MarvelHeroesUITests/Pods-MarvelHeroesUITests.release.xcconfig"; sourceTree = "<group>"; };
		8862417C8398ECCBD9C046F3 /* Pods-MarvelHeroesTests.debug.xcconfig */ = {isa = PBXFileReference; includeInIndex = 1; lastKnownFileType = text.xcconfig; name = "Pods-MarvelHeroesTests.debug.xcconfig"; path = "Pods/Target Support Files/Pods-MarvelHeroesTests/Pods-MarvelHeroesTests.debug.xcconfig"; sourceTree = "<group>"; };
		E513B5BE81D35367C7CA4FA2 /* Pods_MarvelHeroes.framework */ = {isa = PBXFileReference; explicitFileType = wrapper.framework; includeInIndex = 0; path = Pods_MarvelHeroes.framework; sourceTree = BUILT_PRODUCTS_DIR; };
		E53A5876F1200E339BCB83F7 /* Pods-MarvelHeroesTests.release.xcconfig */ = {isa = PBXFileReference; includeInIndex = 1; lastKnownFileType = text.xcconfig; name = "Pods-MarvelHeroesTests.release.xcconfig"; path = "Pods/Target Support Files/Pods-MarvelHeroesTests/Pods-MarvelHeroesTests.release.xcconfig"; sourceTree = "<group>"; };
/* End PBXFileReference section */

/* Begin PBXFrameworksBuildPhase section */
		048C8BEB21CC2774000DDA00 /* Frameworks */ = {
			isa = PBXFrameworksBuildPhase;
			buildActionMask = 2147483647;
			files = (
				50B519AE699816F83E140DFA /* Pods_MarvelHeroes.framework in Frameworks */,
			);
			runOnlyForDeploymentPostprocessing = 0;
		};
		048C8C0221CC2776000DDA00 /* Frameworks */ = {
			isa = PBXFrameworksBuildPhase;
			buildActionMask = 2147483647;
			files = (
				A5CF58EB7D29391E5D54FEC7 /* Pods_MarvelHeroesTests.framework in Frameworks */,
			);
			runOnlyForDeploymentPostprocessing = 0;
		};
		048C8C0D21CC2776000DDA00 /* Frameworks */ = {
			isa = PBXFrameworksBuildPhase;
			buildActionMask = 2147483647;
			files = (
				FF24D4500807D18575C38D60 /* Pods_MarvelHeroesUITests.framework in Frameworks */,
			);
			runOnlyForDeploymentPostprocessing = 0;
		};
/* End PBXFrameworksBuildPhase section */

/* Begin PBXGroup section */
		01AC5464BAF4E45A655F09FD /* Frameworks */ = {
			isa = PBXGroup;
			children = (
				E513B5BE81D35367C7CA4FA2 /* Pods_MarvelHeroes.framework */,
				2DF0D54ACC36D39607A44C39 /* Pods_MarvelHeroesTests.framework */,
				1B564E3D25052328FE301E86 /* Pods_MarvelHeroesUITests.framework */,
			);
			name = Frameworks;
			sourceTree = "<group>";
		};
		0467265521CCFDFF00C0EA52 /* Common */ = {
			isa = PBXGroup;
			children = (
				04D5320921D6323800D35E0A /* Extensions */,
				0467265621CCFECE00C0EA52 /* Managers */,
				0467265C21CD026700C0EA52 /* Endpoints.swift */,
				04D5320C21D638A900D35E0A /* Colors.swift */,
			);
			path = Common;
			sourceTree = "<group>";
		};
		0467265621CCFECE00C0EA52 /* Managers */ = {
			isa = PBXGroup;
			children = (
				0467265721CCFEE800C0EA52 /* Network */,
			);
			path = Managers;
			sourceTree = "<group>";
		};
		0467265721CCFEE800C0EA52 /* Network */ = {
			isa = PBXGroup;
			children = (
				0467265821CCFF2400C0EA52 /* NetworkManager.swift */,
				0467265A21CD001100C0EA52 /* NetworkManagerProtocol.swift */,
			);
			path = Network;
			sourceTree = "<group>";
		};
		0467265F21CD0B2600C0EA52 /* HeroesList */ = {
			isa = PBXGroup;
			children = (
				04D1A72C21D14F58005A06C3 /* Entities */,
				0467266C21CD11AA00C0EA52 /* Router */,
				0467266921CD0EE400C0EA52 /* Interactor */,
				0467266621CD0E6800C0EA52 /* Presenter */,
				0467266321CD0C4B00C0EA52 /* Protocols */,
				0467266021CD0BDB00C0EA52 /* View */,
			);
			path = HeroesList;
			sourceTree = "<group>";
		};
		0467266021CD0BDB00C0EA52 /* View */ = {
			isa = PBXGroup;
			children = (
				0467266121CD0C2000C0EA52 /* HeroesListViewController.swift */,
				04B5249821D3A85300EBA559 /* HeroesListCollectionViewCell.swift */,
				04B5249921D3A85300EBA559 /* HeroesListCollectionViewCell.xib */,
				04B5249C21D3AD4800EBA559 /* HeroesListCollectionView.swift */,
			);
			path = View;
			sourceTree = "<group>";
		};
		0467266321CD0C4B00C0EA52 /* Protocols */ = {
			isa = PBXGroup;
			children = (
				0467266421CD0C6800C0EA52 /* HeroesListProtocols.swift */,
			);
			path = Protocols;
			sourceTree = "<group>";
		};
		0467266621CD0E6800C0EA52 /* Presenter */ = {
			isa = PBXGroup;
			children = (
				0467266721CD0E7B00C0EA52 /* HeroesListPresenter.swift */,
			);
			path = Presenter;
			sourceTree = "<group>";
		};
		0467266921CD0EE400C0EA52 /* Interactor */ = {
			isa = PBXGroup;
			children = (
				0467266A21CD0EF200C0EA52 /* HeroesListInteractor.swift */,
			);
			path = Interactor;
			sourceTree = "<group>";
		};
		0467266C21CD11AA00C0EA52 /* Router */ = {
			isa = PBXGroup;
			children = (
				0467266D21CD121100C0EA52 /* HeroesListRouter.swift */,
			);
			path = Router;
			sourceTree = "<group>";
		};
		048C8BE521CC2774000DDA00 = {
			isa = PBXGroup;
			children = (
				048C8BF021CC2774000DDA00 /* MarvelHeroes */,
				048C8C0821CC2776000DDA00 /* MarvelHeroesTests */,
				048C8C1321CC2776000DDA00 /* MarvelHeroesUITests */,
				048C8BEF21CC2774000DDA00 /* Products */,
				C774D9993E01DB9D37943FEC /* Pods */,
				01AC5464BAF4E45A655F09FD /* Frameworks */,
			);
			sourceTree = "<group>";
		};
		048C8BEF21CC2774000DDA00 /* Products */ = {
			isa = PBXGroup;
			children = (
				048C8BEE21CC2774000DDA00 /* MarvelHeroes.app */,
				048C8C0521CC2776000DDA00 /* MarvelHeroesTests.xctest */,
				048C8C1021CC2776000DDA00 /* MarvelHeroesUITests.xctest */,
			);
			name = Products;
			sourceTree = "<group>";
		};
		048C8BF021CC2774000DDA00 /* MarvelHeroes */ = {
			isa = PBXGroup;
			children = (
				04D1A72921D146E2005A06C3 /* Entities */,
				0467265F21CD0B2600C0EA52 /* HeroesList */,
				04D5321021D6401D00D35E0A /* HeroeDetail */,
				0467265521CCFDFF00C0EA52 /* Common */,
				048C8BF121CC2774000DDA00 /* AppDelegate.swift */,
				048C8BF521CC2774000DDA00 /* Main.storyboard */,
				04D5320F21D63E5400D35E0A /* SupportingFiles */,
			);
			path = MarvelHeroes;
			sourceTree = "<group>";
		};
		048C8C0821CC2776000DDA00 /* MarvelHeroesTests */ = {
			isa = PBXGroup;
			children = (
				048C8C0921CC2776000DDA00 /* MarvelHeroesTests.swift */,
				048C8C0B21CC2776000DDA00 /* Info.plist */,
			);
			path = MarvelHeroesTests;
			sourceTree = "<group>";
		};
		048C8C1321CC2776000DDA00 /* MarvelHeroesUITests */ = {
			isa = PBXGroup;
			children = (
				048C8C1421CC2776000DDA00 /* MarvelHeroesUITests.swift */,
				048C8C1621CC2776000DDA00 /* Info.plist */,
			);
			path = MarvelHeroesUITests;
			sourceTree = "<group>";
		};
		04B7A2E921DD18EC00AC8B14 /* Entities */ = {
			isa = PBXGroup;
			children = (
				04B7A2EA21DD190200AC8B14 /* HeroComicsResponseModel.swift */,
			);
			path = Entities;
			sourceTree = "<group>";
		};
		04B7A2EC21DD1A3A00AC8B14 /* Interactor */ = {
			isa = PBXGroup;
			children = (
				04B7A2ED21DD1A5700AC8B14 /* HeroDetailInteractor.swift */,
			);
			path = Interactor;
			sourceTree = "<group>";
		};
		04D1A72921D146E2005A06C3 /* Entities */ = {
			isa = PBXGroup;
			children = (
				04D1A72A21D14700005A06C3 /* Hero.swift */,
				04B7A2E721DD152300AC8B14 /* Comic.swift */,
			);
			path = Entities;
			sourceTree = "<group>";
		};
		04D1A72C21D14F58005A06C3 /* Entities */ = {
			isa = PBXGroup;
			children = (
				04D1A72D21D14F8C005A06C3 /* HeroesListResponseModel.swift */,
			);
			path = Entities;
			sourceTree = "<group>";
		};
		04D5320921D6323800D35E0A /* Extensions */ = {
			isa = PBXGroup;
			children = (
				04D5320A21D6324900D35E0A /* UIView+Extensions.swift */,
			);
			path = Extensions;
			sourceTree = "<group>";
		};
		04D5320F21D63E5400D35E0A /* SupportingFiles */ = {
			isa = PBXGroup;
			children = (
				048C8C0021CC2776000DDA00 /* Info.plist */,
				048C8BFB21CC2776000DDA00 /* Assets.xcassets */,
				048C8BFD21CC2776000DDA00 /* LaunchScreen.storyboard */,
				048C8BF821CC2774000DDA00 /* MarvelHeroes.xcdatamodeld */,
			);
			path = SupportingFiles;
			sourceTree = "<group>";
		};
		04D5321021D6401D00D35E0A /* HeroeDetail */ = {
			isa = PBXGroup;
			children = (
				04B7A2EC21DD1A3A00AC8B14 /* Interactor */,
				04B7A2E921DD18EC00AC8B14 /* Entities */,
				04D5321A21D6442200D35E0A /* Presenter */,
				04D5321721D6431E00D35E0A /* Router */,
				04D5321421D6426000D35E0A /* Protocols */,
				04D5321121D6402900D35E0A /* View */,
			);
			path = HeroeDetail;
			sourceTree = "<group>";
		};
		04D5321121D6402900D35E0A /* View */ = {
			isa = PBXGroup;
			children = (
				04D5321221D6422A00D35E0A /* HeroDetailViewController.swift */,
				04078ACD21DE3686006DCC1A /* HeroComicsCollectionViewCell.swift */,
				04078ACE21DE3686006DCC1A /* HeroComicsCollectionViewCell.xib */,
			);
			path = View;
			sourceTree = "<group>";
		};
		04D5321421D6426000D35E0A /* Protocols */ = {
			isa = PBXGroup;
			children = (
				04D5321521D6427C00D35E0A /* HeroDetailProtocols.swift */,
			);
			path = Protocols;
			sourceTree = "<group>";
		};
		04D5321721D6431E00D35E0A /* Router */ = {
			isa = PBXGroup;
			children = (
				04D5321821D6432C00D35E0A /* HeroDetailRouter.swift */,
			);
			path = Router;
			sourceTree = "<group>";
		};
		04D5321A21D6442200D35E0A /* Presenter */ = {
			isa = PBXGroup;
			children = (
				04D5321B21D644C200D35E0A /* HeroDetailPresenter.swift */,
			);
			path = Presenter;
			sourceTree = "<group>";
		};
		C774D9993E01DB9D37943FEC /* Pods */ = {
			isa = PBXGroup;
			children = (
				0E820AABD251436F5513BD0E /* Pods-MarvelHeroes.debug.xcconfig */,
				1658EF49EAE4F6B896A9DB22 /* Pods-MarvelHeroes.release.xcconfig */,
				8862417C8398ECCBD9C046F3 /* Pods-MarvelHeroesTests.debug.xcconfig */,
				E53A5876F1200E339BCB83F7 /* Pods-MarvelHeroesTests.release.xcconfig */,
				65FDEA6FAA41A3ECC6BCC762 /* Pods-MarvelHeroesUITests.debug.xcconfig */,
				860B44073AAAF96432622980 /* Pods-MarvelHeroesUITests.release.xcconfig */,
			);
			name = Pods;
			sourceTree = "<group>";
		};
/* End PBXGroup section */

/* Begin PBXNativeTarget section */
		048C8BED21CC2774000DDA00 /* MarvelHeroes */ = {
			isa = PBXNativeTarget;
			buildConfigurationList = 048C8C1921CC2776000DDA00 /* Build configuration list for PBXNativeTarget "MarvelHeroes" */;
			buildPhases = (
				91CFDDE192D54F608FC86E83 /* [CP] Check Pods Manifest.lock */,
				048C8BEA21CC2774000DDA00 /* Sources */,
				048C8BEB21CC2774000DDA00 /* Frameworks */,
				048C8BEC21CC2774000DDA00 /* Resources */,
				22232154A3983A6C0B1E9B9C /* [CP] Embed Pods Frameworks */,
			);
			buildRules = (
			);
			dependencies = (
			);
			name = MarvelHeroes;
			productName = MarvelHeroes;
			productReference = 048C8BEE21CC2774000DDA00 /* MarvelHeroes.app */;
			productType = "com.apple.product-type.application";
		};
		048C8C0421CC2776000DDA00 /* MarvelHeroesTests */ = {
			isa = PBXNativeTarget;
			buildConfigurationList = 048C8C1C21CC2776000DDA00 /* Build configuration list for PBXNativeTarget "MarvelHeroesTests" */;
			buildPhases = (
				0AF5C9A4A252849C0472EA67 /* [CP] Check Pods Manifest.lock */,
				048C8C0121CC2776000DDA00 /* Sources */,
				048C8C0221CC2776000DDA00 /* Frameworks */,
				048C8C0321CC2776000DDA00 /* Resources */,
			);
			buildRules = (
			);
			dependencies = (
				048C8C0721CC2776000DDA00 /* PBXTargetDependency */,
			);
			name = MarvelHeroesTests;
			productName = MarvelHeroesTests;
			productReference = 048C8C0521CC2776000DDA00 /* MarvelHeroesTests.xctest */;
			productType = "com.apple.product-type.bundle.unit-test";
		};
		048C8C0F21CC2776000DDA00 /* MarvelHeroesUITests */ = {
			isa = PBXNativeTarget;
			buildConfigurationList = 048C8C1F21CC2776000DDA00 /* Build configuration list for PBXNativeTarget "MarvelHeroesUITests" */;
			buildPhases = (
				6BD6CFB2419DAD630D03D355 /* [CP] Check Pods Manifest.lock */,
				048C8C0C21CC2776000DDA00 /* Sources */,
				048C8C0D21CC2776000DDA00 /* Frameworks */,
				048C8C0E21CC2776000DDA00 /* Resources */,
			);
			buildRules = (
			);
			dependencies = (
				048C8C1221CC2776000DDA00 /* PBXTargetDependency */,
			);
			name = MarvelHeroesUITests;
			productName = MarvelHeroesUITests;
			productReference = 048C8C1021CC2776000DDA00 /* MarvelHeroesUITests.xctest */;
			productType = "com.apple.product-type.bundle.ui-testing";
		};
/* End PBXNativeTarget section */

/* Begin PBXProject section */
		048C8BE621CC2774000DDA00 /* Project object */ = {
			isa = PBXProject;
			attributes = {
				LastSwiftUpdateCheck = 1010;
				LastUpgradeCheck = 1010;
				ORGANIZATIONNAME = "Aleix Cos";
				TargetAttributes = {
					048C8BED21CC2774000DDA00 = {
						CreatedOnToolsVersion = 10.1;
					};
					048C8C0421CC2776000DDA00 = {
						CreatedOnToolsVersion = 10.1;
						TestTargetID = 048C8BED21CC2774000DDA00;
					};
					048C8C0F21CC2776000DDA00 = {
						CreatedOnToolsVersion = 10.1;
						TestTargetID = 048C8BED21CC2774000DDA00;
					};
				};
			};
			buildConfigurationList = 048C8BE921CC2774000DDA00 /* Build configuration list for PBXProject "MarvelHeroes" */;
			compatibilityVersion = "Xcode 9.3";
			developmentRegion = en;
			hasScannedForEncodings = 0;
			knownRegions = (
				en,
				Base,
			);
			mainGroup = 048C8BE521CC2774000DDA00;
			productRefGroup = 048C8BEF21CC2774000DDA00 /* Products */;
			projectDirPath = "";
			projectRoot = "";
			targets = (
				048C8BED21CC2774000DDA00 /* MarvelHeroes */,
				048C8C0421CC2776000DDA00 /* MarvelHeroesTests */,
				048C8C0F21CC2776000DDA00 /* MarvelHeroesUITests */,
			);
		};
/* End PBXProject section */

/* Begin PBXResourcesBuildPhase section */
		048C8BEC21CC2774000DDA00 /* Resources */ = {
			isa = PBXResourcesBuildPhase;
			buildActionMask = 2147483647;
			files = (
				048C8BFF21CC2776000DDA00 /* LaunchScreen.storyboard in Resources */,
				04078AD021DE3686006DCC1A /* HeroComicsCollectionViewCell.xib in Resources */,
				048C8BFC21CC2776000DDA00 /* Assets.xcassets in Resources */,
				048C8BF721CC2774000DDA00 /* Main.storyboard in Resources */,
				04B5249B21D3A85300EBA559 /* HeroesListCollectionViewCell.xib in Resources */,
			);
			runOnlyForDeploymentPostprocessing = 0;
		};
		048C8C0321CC2776000DDA00 /* Resources */ = {
			isa = PBXResourcesBuildPhase;
			buildActionMask = 2147483647;
			files = (
			);
			runOnlyForDeploymentPostprocessing = 0;
		};
		048C8C0E21CC2776000DDA00 /* Resources */ = {
			isa = PBXResourcesBuildPhase;
			buildActionMask = 2147483647;
			files = (
			);
			runOnlyForDeploymentPostprocessing = 0;
		};
/* End PBXResourcesBuildPhase section */

/* Begin PBXShellScriptBuildPhase section */
		0AF5C9A4A252849C0472EA67 /* [CP] Check Pods Manifest.lock */ = {
			isa = PBXShellScriptBuildPhase;
			buildActionMask = 2147483647;
			files = (
			);
			inputPaths = (
				"${PODS_PODFILE_DIR_PATH}/Podfile.lock",
				"${PODS_ROOT}/Manifest.lock",
			);
			name = "[CP] Check Pods Manifest.lock";
			outputPaths = (
				"$(DERIVED_FILE_DIR)/Pods-MarvelHeroesTests-checkManifestLockResult.txt",
			);
			runOnlyForDeploymentPostprocessing = 0;
			shellPath = /bin/sh;
			shellScript = "diff \"${PODS_PODFILE_DIR_PATH}/Podfile.lock\" \"${PODS_ROOT}/Manifest.lock\" > /dev/null\nif [ $? != 0 ] ; then\n    # print error to STDERR\n    echo \"error: The sandbox is not in sync with the Podfile.lock. Run 'pod install' or update your CocoaPods installation.\" >&2\n    exit 1\nfi\n# This output is used by Xcode 'outputs' to avoid re-running this script phase.\necho \"SUCCESS\" > \"${SCRIPT_OUTPUT_FILE_0}\"\n";
			showEnvVarsInLog = 0;
		};
		22232154A3983A6C0B1E9B9C /* [CP] Embed Pods Frameworks */ = {
			isa = PBXShellScriptBuildPhase;
			buildActionMask = 2147483647;
			files = (
			);
			inputPaths = (
				"${SRCROOT}/Pods/Target Support Files/Pods-MarvelHeroes/Pods-MarvelHeroes-frameworks.sh",
				"${BUILT_PRODUCTS_DIR}/Alamofire/Alamofire.framework",
				"${BUILT_PRODUCTS_DIR}/JGProgressHUD/JGProgressHUD.framework",
				"${BUILT_PRODUCTS_DIR}/Kingfisher/Kingfisher.framework",
			);
			name = "[CP] Embed Pods Frameworks";
			outputPaths = (
				"${TARGET_BUILD_DIR}/${FRAMEWORKS_FOLDER_PATH}/Alamofire.framework",
				"${TARGET_BUILD_DIR}/${FRAMEWORKS_FOLDER_PATH}/JGProgressHUD.framework",
				"${TARGET_BUILD_DIR}/${FRAMEWORKS_FOLDER_PATH}/Kingfisher.framework",
			);
			runOnlyForDeploymentPostprocessing = 0;
			shellPath = /bin/sh;
			shellScript = "\"${SRCROOT}/Pods/Target Support Files/Pods-MarvelHeroes/Pods-MarvelHeroes-frameworks.sh\"\n";
			showEnvVarsInLog = 0;
		};
		6BD6CFB2419DAD630D03D355 /* [CP] Check Pods Manifest.lock */ = {
			isa = PBXShellScriptBuildPhase;
			buildActionMask = 2147483647;
			files = (
			);
			inputPaths = (
				"${PODS_PODFILE_DIR_PATH}/Podfile.lock",
				"${PODS_ROOT}/Manifest.lock",
			);
			name = "[CP] Check Pods Manifest.lock";
			outputPaths = (
				"$(DERIVED_FILE_DIR)/Pods-MarvelHeroesUITests-checkManifestLockResult.txt",
			);
			runOnlyForDeploymentPostprocessing = 0;
			shellPath = /bin/sh;
			shellScript = "diff \"${PODS_PODFILE_DIR_PATH}/Podfile.lock\" \"${PODS_ROOT}/Manifest.lock\" > /dev/null\nif [ $? != 0 ] ; then\n    # print error to STDERR\n    echo \"error: The sandbox is not in sync with the Podfile.lock. Run 'pod install' or update your CocoaPods installation.\" >&2\n    exit 1\nfi\n# This output is used by Xcode 'outputs' to avoid re-running this script phase.\necho \"SUCCESS\" > \"${SCRIPT_OUTPUT_FILE_0}\"\n";
			showEnvVarsInLog = 0;
		};
		91CFDDE192D54F608FC86E83 /* [CP] Check Pods Manifest.lock */ = {
			isa = PBXShellScriptBuildPhase;
			buildActionMask = 2147483647;
			files = (
			);
			inputPaths = (
				"${PODS_PODFILE_DIR_PATH}/Podfile.lock",
				"${PODS_ROOT}/Manifest.lock",
			);
			name = "[CP] Check Pods Manifest.lock";
			outputPaths = (
				"$(DERIVED_FILE_DIR)/Pods-MarvelHeroes-checkManifestLockResult.txt",
			);
			runOnlyForDeploymentPostprocessing = 0;
			shellPath = /bin/sh;
			shellScript = "diff \"${PODS_PODFILE_DIR_PATH}/Podfile.lock\" \"${PODS_ROOT}/Manifest.lock\" > /dev/null\nif [ $? != 0 ] ; then\n    # print error to STDERR\n    echo \"error: The sandbox is not in sync with the Podfile.lock. Run 'pod install' or update your CocoaPods installation.\" >&2\n    exit 1\nfi\n# This output is used by Xcode 'outputs' to avoid re-running this script phase.\necho \"SUCCESS\" > \"${SCRIPT_OUTPUT_FILE_0}\"\n";
			showEnvVarsInLog = 0;
		};
/* End PBXShellScriptBuildPhase section */

/* Begin PBXSourcesBuildPhase section */
		048C8BEA21CC2774000DDA00 /* Sources */ = {
			isa = PBXSourcesBuildPhase;
			buildActionMask = 2147483647;
			files = (
				04078ACF21DE3686006DCC1A /* HeroComicsCollectionViewCell.swift in Sources */,
				0467265921CCFF2400C0EA52 /* NetworkManager.swift in Sources */,
				04B7A2EB21DD190200AC8B14 /* HeroComicsResponseModel.swift in Sources */,
				0467266B21CD0EF200C0EA52 /* HeroesListInteractor.swift in Sources */,
				04D5321621D6427C00D35E0A /* HeroDetailProtocols.swift in Sources */,
				0467266E21CD121100C0EA52 /* HeroesListRouter.swift in Sources */,
				048C8BF221CC2774000DDA00 /* AppDelegate.swift in Sources */,
				04B5249D21D3AD4800EBA559 /* HeroesListCollectionView.swift in Sources */,
				04D1A72E21D14F8C005A06C3 /* HeroesListResponseModel.swift in Sources */,
				04B5249A21D3A85300EBA559 /* HeroesListCollectionViewCell.swift in Sources */,
				04D1A72B21D14700005A06C3 /* Hero.swift in Sources */,
				0467266521CD0C6800C0EA52 /* HeroesListProtocols.swift in Sources */,
				04D5320D21D638A900D35E0A /* Colors.swift in Sources */,
				048C8BFA21CC2774000DDA00 /* MarvelHeroes.xcdatamodeld in Sources */,
				0467266221CD0C2000C0EA52 /* HeroesListViewController.swift in Sources */,
				0467265B21CD001100C0EA52 /* NetworkManagerProtocol.swift in Sources */,
				04D5320B21D6324900D35E0A /* UIView+Extensions.swift in Sources */,
				0467265D21CD026700C0EA52 /* Endpoints.swift in Sources */,
				04B7A2E821DD152300AC8B14 /* Comic.swift in Sources */,
				04D5321921D6432C00D35E0A /* HeroDetailRouter.swift in Sources */,
				04D5321C21D644C200D35E0A /* HeroDetailPresenter.swift in Sources */,
				04B7A2EE21DD1A5700AC8B14 /* HeroDetailInteractor.swift in Sources */,
				0467266821CD0E7B00C0EA52 /* HeroesListPresenter.swift in Sources */,
				04D5321321D6422A00D35E0A /* HeroDetailViewController.swift in Sources */,
			);
			runOnlyForDeploymentPostprocessing = 0;
		};
		048C8C0121CC2776000DDA00 /* Sources */ = {
			isa = PBXSourcesBuildPhase;
			buildActionMask = 2147483647;
			files = (
				048C8C0A21CC2776000DDA00 /* MarvelHeroesTests.swift in Sources */,
			);
			runOnlyForDeploymentPostprocessing = 0;
		};
		048C8C0C21CC2776000DDA00 /* Sources */ = {
			isa = PBXSourcesBuildPhase;
			buildActionMask = 2147483647;
			files = (
				048C8C1521CC2776000DDA00 /* MarvelHeroesUITests.swift in Sources */,
			);
			runOnlyForDeploymentPostprocessing = 0;
		};
/* End PBXSourcesBuildPhase section */

/* Begin PBXTargetDependency section */
		048C8C0721CC2776000DDA00 /* PBXTargetDependency */ = {
			isa = PBXTargetDependency;
			target = 048C8BED21CC2774000DDA00 /* MarvelHeroes */;
			targetProxy = 048C8C0621CC2776000DDA00 /* PBXContainerItemProxy */;
		};
		048C8C1221CC2776000DDA00 /* PBXTargetDependency */ = {
			isa = PBXTargetDependency;
			target = 048C8BED21CC2774000DDA00 /* MarvelHeroes */;
			targetProxy = 048C8C1121CC2776000DDA00 /* PBXContainerItemProxy */;
		};
/* End PBXTargetDependency section */

/* Begin PBXVariantGroup section */
		048C8BF521CC2774000DDA00 /* Main.storyboard */ = {
			isa = PBXVariantGroup;
			children = (
				048C8BF621CC2774000DDA00 /* Base */,
			);
			name = Main.storyboard;
			sourceTree = "<group>";
		};
		048C8BFD21CC2776000DDA00 /* LaunchScreen.storyboard */ = {
			isa = PBXVariantGroup;
			children = (
				048C8BFE21CC2776000DDA00 /* Base */,
			);
			name = LaunchScreen.storyboard;
			sourceTree = "<group>";
		};
/* End PBXVariantGroup section */

/* Begin XCBuildConfiguration section */
		048C8C1721CC2776000DDA00 /* Debug */ = {
			isa = XCBuildConfiguration;
			buildSettings = {
				ALWAYS_SEARCH_USER_PATHS = NO;
				CLANG_ANALYZER_NONNULL = YES;
				CLANG_ANALYZER_NUMBER_OBJECT_CONVERSION = YES_AGGRESSIVE;
				CLANG_CXX_LANGUAGE_STANDARD = "gnu++14";
				CLANG_CXX_LIBRARY = "libc++";
				CLANG_ENABLE_MODULES = YES;
				CLANG_ENABLE_OBJC_ARC = YES;
				CLANG_ENABLE_OBJC_WEAK = YES;
				CLANG_WARN_BLOCK_CAPTURE_AUTORELEASING = YES;
				CLANG_WARN_BOOL_CONVERSION = YES;
				CLANG_WARN_COMMA = YES;
				CLANG_WARN_CONSTANT_CONVERSION = YES;
				CLANG_WARN_DEPRECATED_OBJC_IMPLEMENTATIONS = YES;
				CLANG_WARN_DIRECT_OBJC_ISA_USAGE = YES_ERROR;
				CLANG_WARN_DOCUMENTATION_COMMENTS = YES;
				CLANG_WARN_EMPTY_BODY = YES;
				CLANG_WARN_ENUM_CONVERSION = YES;
				CLANG_WARN_INFINITE_RECURSION = YES;
				CLANG_WARN_INT_CONVERSION = YES;
				CLANG_WARN_NON_LITERAL_NULL_CONVERSION = YES;
				CLANG_WARN_OBJC_IMPLICIT_RETAIN_SELF = YES;
				CLANG_WARN_OBJC_LITERAL_CONVERSION = YES;
				CLANG_WARN_OBJC_ROOT_CLASS = YES_ERROR;
				CLANG_WARN_RANGE_LOOP_ANALYSIS = YES;
				CLANG_WARN_STRICT_PROTOTYPES = YES;
				CLANG_WARN_SUSPICIOUS_MOVE = YES;
				CLANG_WARN_UNGUARDED_AVAILABILITY = YES_AGGRESSIVE;
				CLANG_WARN_UNREACHABLE_CODE = YES;
				CLANG_WARN__DUPLICATE_METHOD_MATCH = YES;
				CODE_SIGN_IDENTITY = "iPhone Developer";
				COPY_PHASE_STRIP = NO;
				DEBUG_INFORMATION_FORMAT = dwarf;
				ENABLE_STRICT_OBJC_MSGSEND = YES;
				ENABLE_TESTABILITY = YES;
				GCC_C_LANGUAGE_STANDARD = gnu11;
				GCC_DYNAMIC_NO_PIC = NO;
				GCC_NO_COMMON_BLOCKS = YES;
				GCC_OPTIMIZATION_LEVEL = 0;
				GCC_PREPROCESSOR_DEFINITIONS = (
					"DEBUG=1",
					"$(inherited)",
				);
				GCC_WARN_64_TO_32_BIT_CONVERSION = YES;
				GCC_WARN_ABOUT_RETURN_TYPE = YES_ERROR;
				GCC_WARN_UNDECLARED_SELECTOR = YES;
				GCC_WARN_UNINITIALIZED_AUTOS = YES_AGGRESSIVE;
				GCC_WARN_UNUSED_FUNCTION = YES;
				GCC_WARN_UNUSED_VARIABLE = YES;
				IPHONEOS_DEPLOYMENT_TARGET = 12.1;
				MTL_ENABLE_DEBUG_INFO = INCLUDE_SOURCE;
				MTL_FAST_MATH = YES;
				ONLY_ACTIVE_ARCH = YES;
				SDKROOT = iphoneos;
				SWIFT_ACTIVE_COMPILATION_CONDITIONS = DEBUG;
				SWIFT_OPTIMIZATION_LEVEL = "-Onone";
			};
			name = Debug;
		};
		048C8C1821CC2776000DDA00 /* Release */ = {
			isa = XCBuildConfiguration;
			buildSettings = {
				ALWAYS_SEARCH_USER_PATHS = NO;
				CLANG_ANALYZER_NONNULL = YES;
				CLANG_ANALYZER_NUMBER_OBJECT_CONVERSION = YES_AGGRESSIVE;
				CLANG_CXX_LANGUAGE_STANDARD = "gnu++14";
				CLANG_CXX_LIBRARY = "libc++";
				CLANG_ENABLE_MODULES = YES;
				CLANG_ENABLE_OBJC_ARC = YES;
				CLANG_ENABLE_OBJC_WEAK = YES;
				CLANG_WARN_BLOCK_CAPTURE_AUTORELEASING = YES;
				CLANG_WARN_BOOL_CONVERSION = YES;
				CLANG_WARN_COMMA = YES;
				CLANG_WARN_CONSTANT_CONVERSION = YES;
				CLANG_WARN_DEPRECATED_OBJC_IMPLEMENTATIONS = YES;
				CLANG_WARN_DIRECT_OBJC_ISA_USAGE = YES_ERROR;
				CLANG_WARN_DOCUMENTATION_COMMENTS = YES;
				CLANG_WARN_EMPTY_BODY = YES;
				CLANG_WARN_ENUM_CONVERSION = YES;
				CLANG_WARN_INFINITE_RECURSION = YES;
				CLANG_WARN_INT_CONVERSION = YES;
				CLANG_WARN_NON_LITERAL_NULL_CONVERSION = YES;
				CLANG_WARN_OBJC_IMPLICIT_RETAIN_SELF = YES;
				CLANG_WARN_OBJC_LITERAL_CONVERSION = YES;
				CLANG_WARN_OBJC_ROOT_CLASS = YES_ERROR;
				CLANG_WARN_RANGE_LOOP_ANALYSIS = YES;
				CLANG_WARN_STRICT_PROTOTYPES = YES;
				CLANG_WARN_SUSPICIOUS_MOVE = YES;
				CLANG_WARN_UNGUARDED_AVAILABILITY = YES_AGGRESSIVE;
				CLANG_WARN_UNREACHABLE_CODE = YES;
				CLANG_WARN__DUPLICATE_METHOD_MATCH = YES;
				CODE_SIGN_IDENTITY = "iPhone Developer";
				COPY_PHASE_STRIP = NO;
				DEBUG_INFORMATION_FORMAT = "dwarf-with-dsym";
				ENABLE_NS_ASSERTIONS = NO;
				ENABLE_STRICT_OBJC_MSGSEND = YES;
				GCC_C_LANGUAGE_STANDARD = gnu11;
				GCC_NO_COMMON_BLOCKS = YES;
				GCC_WARN_64_TO_32_BIT_CONVERSION = YES;
				GCC_WARN_ABOUT_RETURN_TYPE = YES_ERROR;
				GCC_WARN_UNDECLARED_SELECTOR = YES;
				GCC_WARN_UNINITIALIZED_AUTOS = YES_AGGRESSIVE;
				GCC_WARN_UNUSED_FUNCTION = YES;
				GCC_WARN_UNUSED_VARIABLE = YES;
				IPHONEOS_DEPLOYMENT_TARGET = 12.1;
				MTL_ENABLE_DEBUG_INFO = NO;
				MTL_FAST_MATH = YES;
				SDKROOT = iphoneos;
				SWIFT_COMPILATION_MODE = wholemodule;
				SWIFT_OPTIMIZATION_LEVEL = "-O";
				VALIDATE_PRODUCT = YES;
			};
			name = Release;
		};
		048C8C1A21CC2776000DDA00 /* Debug */ = {
			isa = XCBuildConfiguration;
			baseConfigurationReference = 0E820AABD251436F5513BD0E /* Pods-MarvelHeroes.debug.xcconfig */;
			buildSettings = {
				ASSETCATALOG_COMPILER_APPICON_NAME = AppIcon;
				CODE_SIGN_STYLE = Automatic;
				DEVELOPMENT_TEAM = 8VM29J4W23;
				INFOPLIST_FILE = "$(SRCROOT)/MarvelHeroes/SupportingFiles/Info.plist";
				IPHONEOS_DEPLOYMENT_TARGET = 10.1;
				LD_RUNPATH_SEARCH_PATHS = (
					"$(inherited)",
					"@executable_path/Frameworks",
				);
				PRODUCT_BUNDLE_IDENTIFIER = com.aleixcos.MarvelHeroes;
				PRODUCT_NAME = "$(TARGET_NAME)";
				SWIFT_VERSION = 4.2;
				TARGETED_DEVICE_FAMILY = 1;
			};
			name = Debug;
		};
		048C8C1B21CC2776000DDA00 /* Release */ = {
			isa = XCBuildConfiguration;
			baseConfigurationReference = 1658EF49EAE4F6B896A9DB22 /* Pods-MarvelHeroes.release.xcconfig */;
			buildSettings = {
				ASSETCATALOG_COMPILER_APPICON_NAME = AppIcon;
				CODE_SIGN_STYLE = Automatic;
				DEVELOPMENT_TEAM = 8VM29J4W23;
				INFOPLIST_FILE = "$(SRCROOT)/MarvelHeroes/SupportingFiles/Info.plist";
				IPHONEOS_DEPLOYMENT_TARGET = 10.1;
				LD_RUNPATH_SEARCH_PATHS = (
					"$(inherited)",
					"@executable_path/Frameworks",
				);
				PRODUCT_BUNDLE_IDENTIFIER = com.aleixcos.MarvelHeroes;
				PRODUCT_NAME = "$(TARGET_NAME)";
				SWIFT_VERSION = 4.2;
				TARGETED_DEVICE_FAMILY = 1;
			};
			name = Release;
		};
		048C8C1D21CC2776000DDA00 /* Debug */ = {
			isa = XCBuildConfiguration;
			baseConfigurationReference = 8862417C8398ECCBD9C046F3 /* Pods-MarvelHeroesTests.debug.xcconfig */;
			buildSettings = {
				ALWAYS_EMBED_SWIFT_STANDARD_LIBRARIES = YES;
				BUNDLE_LOADER = "$(TEST_HOST)";
				CODE_SIGN_STYLE = Automatic;
				DEVELOPMENT_TEAM = 5T5CW4C73Z;
				INFOPLIST_FILE = MarvelHeroesTests/Info.plist;
				LD_RUNPATH_SEARCH_PATHS = (
					"$(inherited)",
					"@executable_path/Frameworks",
					"@loader_path/Frameworks",
				);
				PRODUCT_BUNDLE_IDENTIFIER = com.aleixcos.MarvelHeroesTests;
				PRODUCT_NAME = "$(TARGET_NAME)";
				SWIFT_VERSION = 4.2;
				TARGETED_DEVICE_FAMILY = "1,2";
				TEST_HOST = "$(BUILT_PRODUCTS_DIR)/MarvelHeroes.app/MarvelHeroes";
			};
			name = Debug;
		};
		048C8C1E21CC2776000DDA00 /* Release */ = {
			isa = XCBuildConfiguration;
			baseConfigurationReference = E53A5876F1200E339BCB83F7 /* Pods-MarvelHeroesTests.release.xcconfig */;
			buildSettings = {
				ALWAYS_EMBED_SWIFT_STANDARD_LIBRARIES = YES;
				BUNDLE_LOADER = "$(TEST_HOST)";
				CODE_SIGN_STYLE = Automatic;
				DEVELOPMENT_TEAM = 5T5CW4C73Z;
				INFOPLIST_FILE = MarvelHeroesTests/Info.plist;
				LD_RUNPATH_SEARCH_PATHS = (
					"$(inherited)",
					"@executable_path/Frameworks",
					"@loader_path/Frameworks",
				);
				PRODUCT_BUNDLE_IDENTIFIER = com.aleixcos.MarvelHeroesTests;
				PRODUCT_NAME = "$(TARGET_NAME)";
				SWIFT_VERSION = 4.2;
				TARGETED_DEVICE_FAMILY = "1,2";
				TEST_HOST = "$(BUILT_PRODUCTS_DIR)/MarvelHeroes.app/MarvelHeroes";
			};
			name = Release;
		};
		048C8C2021CC2776000DDA00 /* Debug */ = {
			isa = XCBuildConfiguration;
			baseConfigurationReference = 65FDEA6FAA41A3ECC6BCC762 /* Pods-MarvelHeroesUITests.debug.xcconfig */;
			buildSettings = {
				ALWAYS_EMBED_SWIFT_STANDARD_LIBRARIES = YES;
				CODE_SIGN_STYLE = Automatic;
				DEVELOPMENT_TEAM = 5T5CW4C73Z;
				INFOPLIST_FILE = MarvelHeroesUITests/Info.plist;
				LD_RUNPATH_SEARCH_PATHS = (
					"$(inherited)",
					"@executable_path/Frameworks",
					"@loader_path/Frameworks",
				);
				PRODUCT_BUNDLE_IDENTIFIER = com.aleixcos.MarvelHeroesUITests;
				PRODUCT_NAME = "$(TARGET_NAME)";
				SWIFT_VERSION = 4.2;
				TARGETED_DEVICE_FAMILY = "1,2";
				TEST_TARGET_NAME = MarvelHeroes;
			};
			name = Debug;
		};
		048C8C2121CC2776000DDA00 /* Release */ = {
			isa = XCBuildConfiguration;
			baseConfigurationReference = 860B44073AAAF96432622980 /* Pods-MarvelHeroesUITests.release.xcconfig */;
			buildSettings = {
				ALWAYS_EMBED_SWIFT_STANDARD_LIBRARIES = YES;
				CODE_SIGN_STYLE = Automatic;
				DEVELOPMENT_TEAM = 5T5CW4C73Z;
				INFOPLIST_FILE = MarvelHeroesUITests/Info.plist;
				LD_RUNPATH_SEARCH_PATHS = (
					"$(inherited)",
					"@executable_path/Frameworks",
					"@loader_path/Frameworks",
				);
				PRODUCT_BUNDLE_IDENTIFIER = com.aleixcos.MarvelHeroesUITests;
				PRODUCT_NAME = "$(TARGET_NAME)";
				SWIFT_VERSION = 4.2;
				TARGETED_DEVICE_FAMILY = "1,2";
				TEST_TARGET_NAME = MarvelHeroes;
			};
			name = Release;
		};
/* End XCBuildConfiguration section */

/* Begin XCConfigurationList section */
		048C8BE921CC2774000DDA00 /* Build configuration list for PBXProject "MarvelHeroes" */ = {
			isa = XCConfigurationList;
			buildConfigurations = (
				048C8C1721CC2776000DDA00 /* Debug */,
				048C8C1821CC2776000DDA00 /* Release */,
			);
			defaultConfigurationIsVisible = 0;
			defaultConfigurationName = Release;
		};
		048C8C1921CC2776000DDA00 /* Build configuration list for PBXNativeTarget "MarvelHeroes" */ = {
			isa = XCConfigurationList;
			buildConfigurations = (
				048C8C1A21CC2776000DDA00 /* Debug */,
				048C8C1B21CC2776000DDA00 /* Release */,
			);
			defaultConfigurationIsVisible = 0;
			defaultConfigurationName = Release;
		};
		048C8C1C21CC2776000DDA00 /* Build configuration list for PBXNativeTarget "MarvelHeroesTests" */ = {
			isa = XCConfigurationList;
			buildConfigurations = (
				048C8C1D21CC2776000DDA00 /* Debug */,
				048C8C1E21CC2776000DDA00 /* Release */,
			);
			defaultConfigurationIsVisible = 0;
			defaultConfigurationName = Release;
		};
		048C8C1F21CC2776000DDA00 /* Build configuration list for PBXNativeTarget "MarvelHeroesUITests" */ = {
			isa = XCConfigurationList;
			buildConfigurations = (
				048C8C2021CC2776000DDA00 /* Debug */,
				048C8C2121CC2776000DDA00 /* Release */,
			);
			defaultConfigurationIsVisible = 0;
			defaultConfigurationName = Release;
		};
/* End XCConfigurationList section */

/* Begin XCVersionGroup section */
		048C8BF821CC2774000DDA00 /* MarvelHeroes.xcdatamodeld */ = {
			isa = XCVersionGroup;
			children = (
				048C8BF921CC2774000DDA00 /* MarvelHeroes.xcdatamodel */,
			);
			currentVersion = 048C8BF921CC2774000DDA00 /* MarvelHeroes.xcdatamodel */;
			path = MarvelHeroes.xcdatamodeld;
			sourceTree = "<group>";
			versionGroupType = wrapper.xcdatamodel;
		};
/* End XCVersionGroup section */
	};
	rootObject = 048C8BE621CC2774000DDA00 /* Project object */;
}
